
Microsoft Visual Studio Solution File, Format Version 12.00
# Visual Studio Version 16
VisualStudioVersion = 16.0.30804.86
MinimumVisualStudioVersion = 10.0.40219.1
Project("{9A19103F-16F7-4668-BE54-9A1E7A4F7556}") = "AllScoresLoaderLibrary", "AllScoresLoaderLibrary.csproj", "{B8106239-E43A-4880-A672-3D2674BDB42F}"
EndProject
Project("{9A19103F-16F7-4668-BE54-9A1E7A4F7556}") = "ChinazoScoresheetLibrary", "..\..\ScoresheetCategories\ChinazoScoresheetLibrary\ChinazoScoresheetLibrary.csproj", "{4E6C66A7-4E2C-49F1-93E3-733665795269}"
EndProject
Project("{9A19103F-16F7-4668-BE54-9A1E7A4F7556}") = "CousinsScoresheetLibrary", "..\..\ScoresheetCategories\CousinsScoresheetLibrary\CousinsScoresheetLibrary.csproj", "{9D19F0A8-6C5A-48FF-AE9F-3A41BEC49461}"
EndProject
Project("{9A19103F-16F7-4668-BE54-9A1E7A4F7556}") = "BasicScoresheetLibrary", "..\..\Standard\BasicScoresheetLibrary\BasicScoresheetLibrary.csproj", "{CA2CCDE2-0C23-440C-A7E5-B78AF27E8317}"
EndProject
Global
	GlobalSection(SolutionConfigurationPlatforms) = preSolution
		Debug|Any CPU = Debug|Any CPU
		Release|Any CPU = Release|Any CPU
	EndGlobalSection
	GlobalSection(ProjectConfigurationPlatforms) = postSolution
		{B8106239-E43A-4880-A672-3D2674BDB42F}.Debug|Any CPU.ActiveCfg = Debug|Any CPU
		{B8106239-E43A-4880-A672-3D2674BDB42F}.Debug|Any CPU.Build.0 = Debug|Any CPU
		{B8106239-E43A-4880-A672-3D2674BDB42F}.Release|Any CPU.ActiveCfg = Release|Any CPU
		{B8106239-E43A-4880-A672-3D2674BDB42F}.Release|Any CPU.Build.0 = Release|Any CPU
		{4E6C66A7-4E2C-49F1-93E3-733665795269}.Debug|Any CPU.ActiveCfg = Debug|Any CPU
		{4E6C66A7-4E2C-49F1-93E3-733665795269}.Debug|Any CPU.Build.0 = Debug|Any CPU
		{4E6C66A7-4E2C-49F1-93E3-733665795269}.Release|Any CPU.ActiveCfg = Release|Any CPU
		{4E6C66A7-4E2C-49F1-93E3-733665795269}.Release|Any CPU.Build.0 = Release|Any CPU
		{9D19F0A8-6C5A-48FF-AE9F-3A41BEC49461}.Debug|Any CPU.ActiveCfg = Debug|Any CPU
		{9D19F0A8-6C5A-48FF-AE9F-3A41BEC49461}.Debug|Any CPU.Build.0 = Debug|Any CPU
		{9D19F0A8-6C5A-48FF-AE9F-3A41BEC49461}.Release|Any CPU.ActiveCfg = Release|Any CPU
		{9D19F0A8-6C5A-48FF-AE9F-3A41BEC49461}.Release|Any CPU.Build.0 = Release|Any CPU
		{CA2CCDE2-0C23-440C-A7E5-B78AF27E8317}.Debug|Any CPU.ActiveCfg = Debug|Any CPU
		{CA2CCDE2-0C23-440C-A7E5-B78AF27E8317}.Debug|Any CPU.Build.0 = Debug|Any CPU
		{CA2CCDE2-0C23-440C-A7E5-B78AF27E8317}.Release|Any CPU.ActiveCfg = Release|Any CPU
		{CA2CCDE2-0C23-440C-A7E5-B78AF27E8317}.Release|Any CPU.Build.0 = Release|Any CPU
	EndGlobalSection
	GlobalSection(SolutionProperties) = preSolution
		HideSolutionNode = FALSE
	EndGlobalSection
	GlobalSection(ExtensibilityGlobals) = postSolution
		SolutionGuid = {FFD09A47-98D1-4EF8-9E31-0FAC52DD79EC}
	EndGlobalSection
EndGlobal
