
Microsoft Visual Studio Solution File, Format Version 12.00
# Visual Studio Version 16
VisualStudioVersion = 16.0.30804.86
MinimumVisualStudioVersion = 10.0.40219.1
Project("{FAE04EC0-301F-11D3-BF4B-00C04F79EFBC}") = "ScoresheetSignalRLibrary", "ScoresheetSignalRLibrary.csproj", "{C5BA191F-CC58-4A32-8DFF-0C0FEA886A72}"
EndProject
Project("{9A19103F-16F7-4668-BE54-9A1E7A4F7556}") = "BasicScoresheetLibrary", "..\BasicScoresheetLibrary\BasicScoresheetLibrary.csproj", "{04B81058-E6D6-45F0-A1CC-69385A9E4132}"
EndProject
Global
	GlobalSection(SolutionConfigurationPlatforms) = preSolution
		Debug|Any CPU = Debug|Any CPU
		Release|Any CPU = Release|Any CPU
	EndGlobalSection
	GlobalSection(ProjectConfigurationPlatforms) = postSolution
		{C5BA191F-CC58-4A32-8DFF-0C0FEA886A72}.Debug|Any CPU.ActiveCfg = Debug|Any CPU
		{C5BA191F-CC58-4A32-8DFF-0C0FEA886A72}.Debug|Any CPU.Build.0 = Debug|Any CPU
		{C5BA191F-CC58-4A32-8DFF-0C0FEA886A72}.Release|Any CPU.ActiveCfg = Release|Any CPU
		{C5BA191F-CC58-4A32-8DFF-0C0FEA886A72}.Release|Any CPU.Build.0 = Release|Any CPU
		{04B81058-E6D6-45F0-A1CC-69385A9E4132}.Debug|Any CPU.ActiveCfg = Debug|Any CPU
		{04B81058-E6D6-45F0-A1CC-69385A9E4132}.Debug|Any CPU.Build.0 = Debug|Any CPU
		{04B81058-E6D6-45F0-A1CC-69385A9E4132}.Release|Any CPU.ActiveCfg = Release|Any CPU
		{04B81058-E6D6-45F0-A1CC-69385A9E4132}.Release|Any CPU.Build.0 = Release|Any CPU
	EndGlobalSection
	GlobalSection(SolutionProperties) = preSolution
		HideSolutionNode = FALSE
	EndGlobalSection
	GlobalSection(ExtensibilityGlobals) = postSolution
		SolutionGuid = {49258D7D-F4B0-4B83-95E8-05999D2D4887}
	EndGlobalSection
EndGlobal
