
Microsoft Visual Studio Solution File, Format Version 12.00
# Visual Studio Version 16
VisualStudioVersion = 16.0.30804.86
MinimumVisualStudioVersion = 10.0.40219.1
Project("{9A19103F-16F7-4668-BE54-9A1E7A4F7556}") = "CousinsScoresheetLibrary", "CousinsScoresheetLibrary.csproj", "{EB7E03EB-5839-4F60-81D4-BACF371347CA}"
EndProject
Project("{9A19103F-16F7-4668-BE54-9A1E7A4F7556}") = "BasicScoresheetLibrary", "..\..\Standard\BasicScoresheetLibrary\BasicScoresheetLibrary.csproj", "{D390DC68-CD26-4296-9684-0FB4830100A3}"
EndProject
Global
	GlobalSection(SolutionConfigurationPlatforms) = preSolution
		Debug|Any CPU = Debug|Any CPU
		Release|Any CPU = Release|Any CPU
	EndGlobalSection
	GlobalSection(ProjectConfigurationPlatforms) = postSolution
		{EB7E03EB-5839-4F60-81D4-BACF371347CA}.Debug|Any CPU.ActiveCfg = Debug|Any CPU
		{EB7E03EB-5839-4F60-81D4-BACF371347CA}.Debug|Any CPU.Build.0 = Debug|Any CPU
		{EB7E03EB-5839-4F60-81D4-BACF371347CA}.Release|Any CPU.ActiveCfg = Release|Any CPU
		{EB7E03EB-5839-4F60-81D4-BACF371347CA}.Release|Any CPU.Build.0 = Release|Any CPU
		{D390DC68-CD26-4296-9684-0FB4830100A3}.Debug|Any CPU.ActiveCfg = Debug|Any CPU
		{D390DC68-CD26-4296-9684-0FB4830100A3}.Debug|Any CPU.Build.0 = Debug|Any CPU
		{D390DC68-CD26-4296-9684-0FB4830100A3}.Release|Any CPU.ActiveCfg = Release|Any CPU
		{D390DC68-CD26-4296-9684-0FB4830100A3}.Release|Any CPU.Build.0 = Release|Any CPU
	EndGlobalSection
	GlobalSection(SolutionProperties) = preSolution
		HideSolutionNode = FALSE
	EndGlobalSection
	GlobalSection(ExtensibilityGlobals) = postSolution
		SolutionGuid = {696CB23F-E0E5-4AD7-A1D3-307B2008BEA4}
	EndGlobalSection
EndGlobal
